
Microsoft Visual Studio Solution File, Format Version 12.00
# Visual Studio Version 16
VisualStudioVersion = 16.0.810.8
MinimumVisualStudioVersion = 10.0.40219.1
Project("{FAE04EC0-301F-11D3-BF4B-00C04F79EFBC}") = "Method.Override", "Method.Override\Method.Override.csproj", "{111FF73F-AE14-4BB7-8C9C-33D5A1944B96}"
EndProject
Global
	GlobalSection(SolutionConfigurationPlatforms) = preSolution
		Debug|Any CPU = Debug|Any CPU
		Release|Any CPU = Release|Any CPU
	EndGlobalSection
	GlobalSection(ProjectConfigurationPlatforms) = postSolution
		{111FF73F-AE14-4BB7-8C9C-33D5A1944B96}.Debug|Any CPU.ActiveCfg = Debug|Any CPU
		{111FF73F-AE14-4BB7-8C9C-33D5A1944B96}.Debug|Any CPU.Build.0 = Debug|Any CPU
		{111FF73F-AE14-4BB7-8C9C-33D5A1944B96}.Release|Any CPU.ActiveCfg = Release|Any CPU
		{111FF73F-AE14-4BB7-8C9C-33D5A1944B96}.Release|Any CPU.Build.0 = Release|Any CPU
	EndGlobalSection
	GlobalSection(SolutionProperties) = preSolution
		HideSolutionNode = FALSE
	EndGlobalSection
	GlobalSection(ExtensibilityGlobals) = postSolution
		SolutionGuid = {C2BFCEFC-6031-4252-96DF-227FF5B57D55}
	EndGlobalSection
EndGlobal
